
Microsoft Visual Studio Solution File, Format Version 12.00
# Visual Studio Version 16
VisualStudioVersion = 16.0.31005.135
MinimumVisualStudioVersion = 10.0.40219.1
Project("{FAE04EC0-301F-11D3-BF4B-00C04F79EFBC}") = "Timber", "Timber\Timber.csproj", "{D648F907-6D0B-43CC-8CE5-DDB545ACE58E}"
EndProject
Global
	GlobalSection(SolutionConfigurationPlatforms) = preSolution
		Debug|Any CPU = Debug|Any CPU
		Release|Any CPU = Release|Any CPU
	EndGlobalSection
	GlobalSection(ProjectConfigurationPlatforms) = postSolution
		{D648F907-6D0B-43CC-8CE5-DDB545ACE58E}.Debug|Any CPU.ActiveCfg = Debug|Any CPU
		{D648F907-6D0B-43CC-8CE5-DDB545ACE58E}.Debug|Any CPU.Build.0 = Debug|Any CPU
		{D648F907-6D0B-43CC-8CE5-DDB545ACE58E}.Release|Any CPU.ActiveCfg = Release|Any CPU
		{D648F907-6D0B-43CC-8CE5-DDB545ACE58E}.Release|Any CPU.Build.0 = Release|Any CPU
	EndGlobalSection
	GlobalSection(SolutionProperties) = preSolution
		HideSolutionNode = FALSE
	EndGlobalSection
	GlobalSection(ExtensibilityGlobals) = postSolution
		SolutionGuid = {E2AF6FC2-D305-4AE8-99BD-32CFD2076711}
	EndGlobalSection
EndGlobal
